
Microsoft Visual Studio Solution File, Format Version 12.00
# Visual Studio Version 17
VisualStudioVersion = 17.0.31903.59
MinimumVisualStudioVersion = 10.0.40219.1
Project("{FAE04EC0-301F-11D3-BF4B-00C04F79EFBC}") = "ResponseDescription", "ResponseDescription\ResponseDescription.csproj", "{EEAB11CF-B4B4-4119-AF3D-FCC95FDDC0FE}"
EndProject
Project("{FAE04EC0-301F-11D3-BF4B-00C04F79EFBC}") = "OpenAPI-3.1", "OpenAPI-3.1\OpenAPI-3.1.csproj", "{D4260F54-7CD9-46B6-B133-7F819F116EF0}"
EndProject
Global
	GlobalSection(SolutionConfigurationPlatforms) = preSolution
		Debug|Any CPU = Debug|Any CPU
		Debug|x64 = Debug|x64
		Debug|x86 = Debug|x86
		Release|Any CPU = Release|Any CPU
		Release|x64 = Release|x64
		Release|x86 = Release|x86
	EndGlobalSection
	GlobalSection(ProjectConfigurationPlatforms) = postSolution
		{EEAB11CF-B4B4-4119-AF3D-FCC95FDDC0FE}.Debug|Any CPU.ActiveCfg = Debug|Any CPU
		{EEAB11CF-B4B4-4119-AF3D-FCC95FDDC0FE}.Debug|Any CPU.Build.0 = Debug|Any CPU
		{EEAB11CF-B4B4-4119-AF3D-FCC95FDDC0FE}.Debug|x64.ActiveCfg = Debug|Any CPU
		{EEAB11CF-B4B4-4119-AF3D-FCC95FDDC0FE}.Debug|x64.Build.0 = Debug|Any CPU
		{EEAB11CF-B4B4-4119-AF3D-FCC95FDDC0FE}.Debug|x86.ActiveCfg = Debug|Any CPU
		{EEAB11CF-B4B4-4119-AF3D-FCC95FDDC0FE}.Debug|x86.Build.0 = Debug|Any CPU
		{EEAB11CF-B4B4-4119-AF3D-FCC95FDDC0FE}.Release|Any CPU.ActiveCfg = Release|Any CPU
		{EEAB11CF-B4B4-4119-AF3D-FCC95FDDC0FE}.Release|Any CPU.Build.0 = Release|Any CPU
		{EEAB11CF-B4B4-4119-AF3D-FCC95FDDC0FE}.Release|x64.ActiveCfg = Release|Any CPU
		{EEAB11CF-B4B4-4119-AF3D-FCC95FDDC0FE}.Release|x64.Build.0 = Release|Any CPU
		{EEAB11CF-B4B4-4119-AF3D-FCC95FDDC0FE}.Release|x86.ActiveCfg = Release|Any CPU
		{EEAB11CF-B4B4-4119-AF3D-FCC95FDDC0FE}.Release|x86.Build.0 = Release|Any CPU
		{D4260F54-7CD9-46B6-B133-7F819F116EF0}.Debug|Any CPU.ActiveCfg = Debug|Any CPU
		{D4260F54-7CD9-46B6-B133-7F819F116EF0}.Debug|Any CPU.Build.0 = Debug|Any CPU
		{D4260F54-7CD9-46B6-B133-7F819F116EF0}.Debug|x64.ActiveCfg = Debug|Any CPU
		{D4260F54-7CD9-46B6-B133-7F819F116EF0}.Debug|x64.Build.0 = Debug|Any CPU
		{D4260F54-7CD9-46B6-B133-7F819F116EF0}.Debug|x86.ActiveCfg = Debug|Any CPU
		{D4260F54-7CD9-46B6-B133-7F819F116EF0}.Debug|x86.Build.0 = Debug|Any CPU
		{D4260F54-7CD9-46B6-B133-7F819F116EF0}.Release|Any CPU.ActiveCfg = Release|Any CPU
		{D4260F54-7CD9-46B6-B133-7F819F116EF0}.Release|Any CPU.Build.0 = Release|Any CPU
		{D4260F54-7CD9-46B6-B133-7F819F116EF0}.Release|x64.ActiveCfg = Release|Any CPU
		{D4260F54-7CD9-46B6-B133-7F819F116EF0}.Release|x64.Build.0 = Release|Any CPU
		{D4260F54-7CD9-46B6-B133-7F819F116EF0}.Release|x86.ActiveCfg = Release|Any CPU
		{D4260F54-7CD9-46B6-B133-7F819F116EF0}.Release|x86.Build.0 = Release|Any CPU
	EndGlobalSection
	GlobalSection(SolutionProperties) = preSolution
		HideSolutionNode = FALSE
	EndGlobalSection
EndGlobal
